// !$*UTF8*$!
{
	archiveVersion = 1;
	classes = {
	};
	objectVersion = 50;
	objects = {

/* Begin PBXBuildFile section */
		790D451B245354C900B821EF /* CompareView.swift in Sources */ = {isa = PBXBuildFile; fileRef = 790D451A245354C900B821EF /* CompareView.swift */; };
		7943146F244C62CF001B727D /* AppDelegate.swift in Sources */ = {isa = PBXBuildFile; fileRef = 7943146E244C62CF001B727D /* AppDelegate.swift */; };
		79431471244C62CF001B727D /* SceneDelegate.swift in Sources */ = {isa = PBXBuildFile; fileRef = 79431470244C62CF001B727D /* SceneDelegate.swift */; };
		79431474244C62CF001B727D /* CatApp.xcdatamodeld in Sources */ = {isa = PBXBuildFile; fileRef = 79431472244C62CF001B727D /* CatApp.xcdatamodeld */; };
		79431476244C62CF001B727D /* ContentView.swift in Sources */ = {isa = PBXBuildFile; fileRef = 79431475244C62CF001B727D /* ContentView.swift */; };
		79431478244C62D3001B727D /* Assets.xcassets in Resources */ = {isa = PBXBuildFile; fileRef = 79431477244C62D3001B727D /* Assets.xcassets */; };
		7943147B244C62D3001B727D /* Preview Assets.xcassets in Resources */ = {isa = PBXBuildFile; fileRef = 7943147A244C62D3001B727D /* Preview Assets.xcassets */; };
		7943147E244C62D3001B727D /* LaunchScreen.storyboard in Resources */ = {isa = PBXBuildFile; fileRef = 7943147C244C62D3001B727D /* LaunchScreen.storyboard */; };
		79431489244C650C001B727D /* Tab.swift in Sources */ = {isa = PBXBuildFile; fileRef = 79431488244C650C001B727D /* Tab.swift */; };
		7944FA0C246C5E9600E3E145 /* NetworkManager.swift in Sources */ = {isa = PBXBuildFile; fileRef = 7944FA0B246C5E9600E3E145 /* NetworkManager.swift */; };
		794D61D3244C73B7008EC73B /* Breeds.swift in Sources */ = {isa = PBXBuildFile; fileRef = 794D61D2244C73B6008EC73B /* Breeds.swift */; };
		794D61D7244C7709008EC73B /* About.swift in Sources */ = {isa = PBXBuildFile; fileRef = 794D61D6244C7709008EC73B /* About.swift */; };
		794D61D9244C7720008EC73B /* Test.swift in Sources */ = {isa = PBXBuildFile; fileRef = 794D61D8244C7720008EC73B /* Test.swift */; };
		794D61DB244C777C008EC73B /* TabsView.swift in Sources */ = {isa = PBXBuildFile; fileRef = 794D61DA244C777C008EC73B /* TabsView.swift */; };
		799E8F99244DF96900AD4F03 /* BreedDetail.swift in Sources */ = {isa = PBXBuildFile; fileRef = 799E8F98244DF96900AD4F03 /* BreedDetail.swift */; };
/* End PBXBuildFile section */

/* Begin PBXFileReference section */
		790D451A245354C900B821EF /* CompareView.swift */ = {isa = PBXFileReference; lastKnownFileType = sourcecode.swift; path = CompareView.swift; sourceTree = "<group>"; };
		7943146B244C62CF001B727D /* CatApp.app */ = {isa = PBXFileReference; explicitFileType = wrapper.application; includeInIndex = 0; path = CatApp.app; sourceTree = BUILT_PRODUCTS_DIR; };
		7943146E244C62CF001B727D /* AppDelegate.swift */ = {isa = PBXFileReference; lastKnownFileType = sourcecode.swift; path = AppDelegate.swift; sourceTree = "<group>"; };
		79431470244C62CF001B727D /* SceneDelegate.swift */ = {isa = PBXFileReference; lastKnownFileType = sourcecode.swift; path = SceneDelegate.swift; sourceTree = "<group>"; };
		79431473244C62CF001B727D /* CatApp.xcdatamodel */ = {isa = PBXFileReference; lastKnownFileType = wrapper.xcdatamodel; path = CatApp.xcdatamodel; sourceTree = "<group>"; };
		79431475244C62CF001B727D /* ContentView.swift */ = {isa = PBXFileReference; lastKnownFileType = sourcecode.swift; path = ContentView.swift; sourceTree = "<group>"; };
		79431477244C62D3001B727D /* Assets.xcassets */ = {isa = PBXFileReference; lastKnownFileType = folder.assetcatalog; path = Assets.xcassets; sourceTree = "<group>"; };
		7943147A244C62D3001B727D /* Preview Assets.xcassets */ = {isa = PBXFileReference; lastKnownFileType = folder.assetcatalog; path = "Preview Assets.xcassets"; sourceTree = "<group>"; };
		7943147D244C62D3001B727D /* Base */ = {isa = PBXFileReference; lastKnownFileType = file.storyboard; name = Base; path = Base.lproj/LaunchScreen.storyboard; sourceTree = "<group>"; };
		7943147F244C62D3001B727D /* Info.plist */ = {isa = PBXFileReference; lastKnownFileType = text.plist.xml; path = Info.plist; sourceTree = "<group>"; };
		79431488244C650C001B727D /* Tab.swift */ = {isa = PBXFileReference; lastKnownFileType = sourcecode.swift; path = Tab.swift; sourceTree = "<group>"; };
		7944FA0B246C5E9600E3E145 /* NetworkManager.swift */ = {isa = PBXFileReference; lastKnownFileType = sourcecode.swift; path = NetworkManager.swift; sourceTree = "<group>"; };
		794D61D2244C73B6008EC73B /* Breeds.swift */ = {isa = PBXFileReference; lastKnownFileType = sourcecode.swift; path = Breeds.swift; sourceTree = "<group>"; };
		794D61D6244C7709008EC73B /* About.swift */ = {isa = PBXFileReference; lastKnownFileType = sourcecode.swift; path = About.swift; sourceTree = "<group>"; };
		794D61D8244C7720008EC73B /* Test.swift */ = {isa = PBXFileReference; lastKnownFileType = sourcecode.swift; path = Test.swift; sourceTree = "<group>"; };
		794D61DA244C777C008EC73B /* TabsView.swift */ = {isa = PBXFileReference; lastKnownFileType = sourcecode.swift; path = TabsView.swift; sourceTree = "<group>"; };
		799E8F98244DF96900AD4F03 /* BreedDetail.swift */ = {isa = PBXFileReference; lastKnownFileType = sourcecode.swift; path = BreedDetail.swift; sourceTree = "<group>"; };
/* End PBXFileReference section */

/* Begin PBXFrameworksBuildPhase section */
		79431468244C62CF001B727D /* Frameworks */ = {
			isa = PBXFrameworksBuildPhase;
			buildActionMask = 2147483647;
			files = (
			);
			runOnlyForDeploymentPostprocessing = 0;
		};
/* End PBXFrameworksBuildPhase section */

/* Begin PBXGroup section */
		79431462244C62CF001B727D = {
			isa = PBXGroup;
			children = (
				7943146D244C62CF001B727D /* CatApp */,
				7943146C244C62CF001B727D /* Products */,
			);
			sourceTree = "<group>";
		};
		7943146C244C62CF001B727D /* Products */ = {
			isa = PBXGroup;
			children = (
				7943146B244C62CF001B727D /* CatApp.app */,
			);
			name = Products;
			sourceTree = "<group>";
		};
		7943146D244C62CF001B727D /* CatApp */ = {
			isa = PBXGroup;
			children = (
				794D61DE244C8C4F008EC73B /* Model */,
				79431485244C647C001B727D /* Supporting Views */,
				7943146E244C62CF001B727D /* AppDelegate.swift */,
				79431470244C62CF001B727D /* SceneDelegate.swift */,
				79431475244C62CF001B727D /* ContentView.swift */,
				79431477244C62D3001B727D /* Assets.xcassets */,
				7943147C244C62D3001B727D /* LaunchScreen.storyboard */,
				7943147F244C62D3001B727D /* Info.plist */,
				79431472244C62CF001B727D /* CatApp.xcdatamodeld */,
				79431479244C62D3001B727D /* Preview Content */,
			);
			path = CatApp;
			sourceTree = "<group>";
		};
		79431479244C62D3001B727D /* Preview Content */ = {
			isa = PBXGroup;
			children = (
				7943147A244C62D3001B727D /* Preview Assets.xcassets */,
			);
			path = "Preview Content";
			sourceTree = "<group>";
		};
		79431485244C647C001B727D /* Supporting Views */ = {
			isa = PBXGroup;
			children = (
				794D61D2244C73B6008EC73B /* Breeds.swift */,
				794D61D6244C7709008EC73B /* About.swift */,
				790D451A245354C900B821EF /* CompareView.swift */,
				794D61D8244C7720008EC73B /* Test.swift */,
				794D61DA244C777C008EC73B /* TabsView.swift */,
				79431488244C650C001B727D /* Tab.swift */,
				799E8F98244DF96900AD4F03 /* BreedDetail.swift */,
			);
			path = "Supporting Views";
			sourceTree = "<group>";
		};
		794D61DE244C8C4F008EC73B /* Model */ = {
			isa = PBXGroup;
			children = (
				7944FA0B246C5E9600E3E145 /* NetworkManager.swift */,
			);
			path = Model;
			sourceTree = "<group>";
		};
/* End PBXGroup section */

/* Begin PBXNativeTarget section */
		7943146A244C62CF001B727D /* CatApp */ = {
			isa = PBXNativeTarget;
			buildConfigurationList = 79431482244C62D3001B727D /* Build configuration list for PBXNativeTarget "CatApp" */;
			buildPhases = (
				79431467244C62CF001B727D /* Sources */,
				79431468244C62CF001B727D /* Frameworks */,
				79431469244C62CF001B727D /* Resources */,
			);
			buildRules = (
			);
			dependencies = (
			);
			name = CatApp;
			productName = CatApp;
			productReference = 7943146B244C62CF001B727D /* CatApp.app */;
			productType = "com.apple.product-type.application";
		};
/* End PBXNativeTarget section */

/* Begin PBXProject section */
		79431463244C62CF001B727D /* Project object */ = {
			isa = PBXProject;
			attributes = {
				LastSwiftUpdateCheck = 1140;
				LastUpgradeCheck = 1140;
				ORGANIZATIONNAME = "Vsevolod Pavlovskyi";
				TargetAttributes = {
					7943146A244C62CF001B727D = {
						CreatedOnToolsVersion = 11.4.1;
					};
				};
			};
			buildConfigurationList = 79431466244C62CF001B727D /* Build configuration list for PBXProject "CatApp" */;
			compatibilityVersion = "Xcode 9.3";
			developmentRegion = en;
			hasScannedForEncodings = 0;
			knownRegions = (
				en,
				Base,
			);
			mainGroup = 79431462244C62CF001B727D;
			productRefGroup = 7943146C244C62CF001B727D /* Products */;
			projectDirPath = "";
			projectRoot = "";
			targets = (
				7943146A244C62CF001B727D /* CatApp */,
			);
		};
/* End PBXProject section */

/* Begin PBXResourcesBuildPhase section */
		79431469244C62CF001B727D /* Resources */ = {
			isa = PBXResourcesBuildPhase;
			buildActionMask = 2147483647;
			files = (
				7943147E244C62D3001B727D /* LaunchScreen.storyboard in Resources */,
				7943147B244C62D3001B727D /* Preview Assets.xcassets in Resources */,
				79431478244C62D3001B727D /* Assets.xcassets in Resources */,
			);
			runOnlyForDeploymentPostprocessing = 0;
		};
/* End PBXResourcesBuildPhase section */

/* Begin PBXSourcesBuildPhase section */
		79431467244C62CF001B727D /* Sources */ = {
			isa = PBXSourcesBuildPhase;
			buildActionMask = 2147483647;
			files = (
				794D61DB244C777C008EC73B /* TabsView.swift in Sources */,
				794D61D3244C73B7008EC73B /* Breeds.swift in Sources */,
				79431474244C62CF001B727D /* CatApp.xcdatamodeld in Sources */,
				794D61D9244C7720008EC73B /* Test.swift in Sources */,
				790D451B245354C900B821EF /* CompareView.swift in Sources */,
				794D61D7244C7709008EC73B /* About.swift in Sources */,
				799E8F99244DF96900AD4F03 /* BreedDetail.swift in Sources */,
				7943146F244C62CF001B727D /* AppDelegate.swift in Sources */,
				79431476244C62CF001B727D /* ContentView.swift in Sources */,
				79431489244C650C001B727D /* Tab.swift in Sources */,
				7944FA0C246C5E9600E3E145 /* NetworkManager.swift in Sources */,
				79431471244C62CF001B727D /* SceneDelegate.swift in Sources */,
			);
			runOnlyForDeploymentPostprocessing = 0;
		};
/* End PBXSourcesBuildPhase section */

/* Begin PBXVariantGroup section */
		7943147C244C62D3001B727D /* LaunchScreen.storyboard */ = {
			isa = PBXVariantGroup;
			children = (
				7943147D244C62D3001B727D /* Base */,
			);
			name = LaunchScreen.storyboard;
			sourceTree = "<group>";
		};
/* End PBXVariantGroup section */

/* Begin XCBuildConfiguration section */
		79431480244C62D3001B727D /* Debug */ = {
			isa = XCBuildConfiguration;
			buildSettings = {
				ALWAYS_SEARCH_USER_PATHS = NO;
				CLANG_ANALYZER_NONNULL = YES;
				CLANG_ANALYZER_NUMBER_OBJECT_CONVERSION = YES_AGGRESSIVE;
				CLANG_CXX_LANGUAGE_STANDARD = "gnu++14";
				CLANG_CXX_LIBRARY = "libc++";
				CLANG_ENABLE_MODULES = YES;
				CLANG_ENABLE_OBJC_ARC = YES;
				CLANG_ENABLE_OBJC_WEAK = YES;
				CLANG_WARN_BLOCK_CAPTURE_AUTORELEASING = YES;
				CLANG_WARN_BOOL_CONVERSION = YES;
				CLANG_WARN_COMMA = YES;
				CLANG_WARN_CONSTANT_CONVERSION = YES;
				CLANG_WARN_DEPRECATED_OBJC_IMPLEMENTATIONS = YES;
				CLANG_WARN_DIRECT_OBJC_ISA_USAGE = YES_ERROR;
				CLANG_WARN_DOCUMENTATION_COMMENTS = YES;
				CLANG_WARN_EMPTY_BODY = YES;
				CLANG_WARN_ENUM_CONVERSION = YES;
				CLANG_WARN_INFINITE_RECURSION = YES;
				CLANG_WARN_INT_CONVERSION = YES;
				CLANG_WARN_NON_LITERAL_NULL_CONVERSION = YES;
				CLANG_WARN_OBJC_IMPLICIT_RETAIN_SELF = YES;
				CLANG_WARN_OBJC_LITERAL_CONVERSION = YES;
				CLANG_WARN_OBJC_ROOT_CLASS = YES_ERROR;
				CLANG_WARN_RANGE_LOOP_ANALYSIS = YES;
				CLANG_WARN_STRICT_PROTOTYPES = YES;
				CLANG_WARN_SUSPICIOUS_MOVE = YES;
				CLANG_WARN_UNGUARDED_AVAILABILITY = YES_AGGRESSIVE;
				CLANG_WARN_UNREACHABLE_CODE = YES;
				CLANG_WARN__DUPLICATE_METHOD_MATCH = YES;
				COPY_PHASE_STRIP = NO;
				DEBUG_INFORMATION_FORMAT = dwarf;
				ENABLE_STRICT_OBJC_MSGSEND = YES;
				ENABLE_TESTABILITY = YES;
				GCC_C_LANGUAGE_STANDARD = gnu11;
				GCC_DYNAMIC_NO_PIC = NO;
				GCC_NO_COMMON_BLOCKS = YES;
				GCC_OPTIMIZATION_LEVEL = 0;
				GCC_PREPROCESSOR_DEFINITIONS = (
					"DEBUG=1",
					"$(inherited)",
				);
				GCC_WARN_64_TO_32_BIT_CONVERSION = YES;
				GCC_WARN_ABOUT_RETURN_TYPE = YES_ERROR;
				GCC_WARN_UNDECLARED_SELECTOR = YES;
				GCC_WARN_UNINITIALIZED_AUTOS = YES_AGGRESSIVE;
				GCC_WARN_UNUSED_FUNCTION = YES;
				GCC_WARN_UNUSED_VARIABLE = YES;
				IPHONEOS_DEPLOYMENT_TARGET = 13.4;
				MTL_ENABLE_DEBUG_INFO = INCLUDE_SOURCE;
				MTL_FAST_MATH = YES;
				ONLY_ACTIVE_ARCH = YES;
				SDKROOT = iphoneos;
				SWIFT_ACTIVE_COMPILATION_CONDITIONS = DEBUG;
				SWIFT_OPTIMIZATION_LEVEL = "-Onone";
			};
			name = Debug;
		};
		79431481244C62D3001B727D /* Release */ = {
			isa = XCBuildConfiguration;
			buildSettings = {
				ALWAYS_SEARCH_USER_PATHS = NO;
				CLANG_ANALYZER_NONNULL = YES;
				CLANG_ANALYZER_NUMBER_OBJECT_CONVERSION = YES_AGGRESSIVE;
				CLANG_CXX_LANGUAGE_STANDARD = "gnu++14";
				CLANG_CXX_LIBRARY = "libc++";
				CLANG_ENABLE_MODULES = YES;
				CLANG_ENABLE_OBJC_ARC = YES;
				CLANG_ENABLE_OBJC_WEAK = YES;
				CLANG_WARN_BLOCK_CAPTURE_AUTORELEASING = YES;
				CLANG_WARN_BOOL_CONVERSION = YES;
				CLANG_WARN_COMMA = YES;
				CLANG_WARN_CONSTANT_CONVERSION = YES;
				CLANG_WARN_DEPRECATED_OBJC_IMPLEMENTATIONS = YES;
				CLANG_WARN_DIRECT_OBJC_ISA_USAGE = YES_ERROR;
				CLANG_WARN_DOCUMENTATION_COMMENTS = YES;
				CLANG_WARN_EMPTY_BODY = YES;
				CLANG_WARN_ENUM_CONVERSION = YES;
				CLANG_WARN_INFINITE_RECURSION = YES;
				CLANG_WARN_INT_CONVERSION = YES;
				CLANG_WARN_NON_LITERAL_NULL_CONVERSION = YES;
				CLANG_WARN_OBJC_IMPLICIT_RETAIN_SELF = YES;
				CLANG_WARN_OBJC_LITERAL_CONVERSION = YES;
				CLANG_WARN_OBJC_ROOT_CLASS = YES_ERROR;
				CLANG_WARN_RANGE_LOOP_ANALYSIS = YES;
				CLANG_WARN_STRICT_PROTOTYPES = YES;
				CLANG_WARN_SUSPICIOUS_MOVE = YES;
				CLANG_WARN_UNGUARDED_AVAILABILITY = YES_AGGRESSIVE;
				CLANG_WARN_UNREACHABLE_CODE = YES;
				CLANG_WARN__DUPLICATE_METHOD_MATCH = YES;
				COPY_PHASE_STRIP = NO;
				DEBUG_INFORMATION_FORMAT = "dwarf-with-dsym";
				ENABLE_NS_ASSERTIONS = NO;
				ENABLE_STRICT_OBJC_MSGSEND = YES;
				GCC_C_LANGUAGE_STANDARD = gnu11;
				GCC_NO_COMMON_BLOCKS = YES;
				GCC_WARN_64_TO_32_BIT_CONVERSION = YES;
				GCC_WARN_ABOUT_RETURN_TYPE = YES_ERROR;
				GCC_WARN_UNDECLARED_SELECTOR = YES;
				GCC_WARN_UNINITIALIZED_AUTOS = YES_AGGRESSIVE;
				GCC_WARN_UNUSED_FUNCTION = YES;
				GCC_WARN_UNUSED_VARIABLE = YES;
				IPHONEOS_DEPLOYMENT_TARGET = 13.4;
				MTL_ENABLE_DEBUG_INFO = NO;
				MTL_FAST_MATH = YES;
				SDKROOT = iphoneos;
				SWIFT_COMPILATION_MODE = wholemodule;
				SWIFT_OPTIMIZATION_LEVEL = "-O";
				VALIDATE_PRODUCT = YES;
			};
			name = Release;
		};
		79431483244C62D3001B727D /* Debug */ = {
			isa = XCBuildConfiguration;
			buildSettings = {
				ASSETCATALOG_COMPILER_APPICON_NAME = AppIcon;
				CODE_SIGN_STYLE = Automatic;
				DEVELOPMENT_ASSET_PATHS = "\"CatApp/Preview Content\"";
				DEVELOPMENT_TEAM = G66XPV3HVM;
				ENABLE_PREVIEWS = YES;
				INFOPLIST_FILE = CatApp/Info.plist;
				LD_RUNPATH_SEARCH_PATHS = (
					"$(inherited)",
					"@executable_path/Frameworks",
				);
				PRODUCT_BUNDLE_IDENTIFIER = com.pavlovskyistudio.CatApp;
				PRODUCT_NAME = "$(TARGET_NAME)";
				SWIFT_VERSION = 5.0;
				TARGETED_DEVICE_FAMILY = "1,2";
			};
			name = Debug;
		};
		79431484244C62D3001B727D /* Release */ = {
			isa = XCBuildConfiguration;
			buildSettings = {
				ASSETCATALOG_COMPILER_APPICON_NAME = AppIcon;
				CODE_SIGN_STYLE = Automatic;
				DEVELOPMENT_ASSET_PATHS = "\"CatApp/Preview Content\"";
				DEVELOPMENT_TEAM = G66XPV3HVM;
				ENABLE_PREVIEWS = YES;
				INFOPLIST_FILE = CatApp/Info.plist;
				LD_RUNPATH_SEARCH_PATHS = (
					"$(inherited)",
					"@executable_path/Frameworks",
				);
				PRODUCT_BUNDLE_IDENTIFIER = com.pavlovskyistudio.CatApp;
				PRODUCT_NAME = "$(TARGET_NAME)";
				SWIFT_VERSION = 5.0;
				TARGETED_DEVICE_FAMILY = "1,2";
			};
			name = Release;
		};
/* End XCBuildConfiguration section */

/* Begin XCConfigurationList section */
		79431466244C62CF001B727D /* Build configuration list for PBXProject "CatApp" */ = {
			isa = XCConfigurationList;
			buildConfigurations = (
				79431480244C62D3001B727D /* Debug */,
				79431481244C62D3001B727D /* Release */,
			);
			defaultConfigurationIsVisible = 0;
			defaultConfigurationName = Release;
		};
		79431482244C62D3001B727D /* Build configuration list for PBXNativeTarget "CatApp" */ = {
			isa = XCConfigurationList;
			buildConfigurations = (
				79431483244C62D3001B727D /* Debug */,
				79431484244C62D3001B727D /* Release */,
			);
			defaultConfigurationIsVisible = 0;
			defaultConfigurationName = Release;
		};
/* End XCConfigurationList section */

/* Begin XCVersionGroup section */
		79431472244C62CF001B727D /* CatApp.xcdatamodeld */ = {
			isa = XCVersionGroup;
			children = (
				79431473244C62CF001B727D /* CatApp.xcdatamodel */,
			);
			currentVersion = 79431473244C62CF001B727D /* CatApp.xcdatamodel */;
			path = CatApp.xcdatamodeld;
			sourceTree = "<group>";
			versionGroupType = wrapper.xcdatamodel;
		};
/* End XCVersionGroup section */
	};
	rootObject = 79431463244C62CF001B727D /* Project object */;
}
